%{"abnfc": {:git, "git://github.com/heroku/abnfc.git", "856c77cce8f0dd66bfe95f3ec4041f9f59b742bb", [branch: "master"]},
  "apex": {:hex, :apex, "0.3.2"},
  "bson": {:hex, :bson, "0.4.2"},
  "dotenv": {:git, "git://github.com/avdi/dotenv_elixir.git", "f55c6849e6db33b85a543e82664c2aaea45c0029", []},
  "ex_uri": {:git, "https://github.com/heroku/ex_uri", "16f26db7026493d2934f615f8884fad42675f00e", []},
  "exactor": {:hex, :exactor, "0.7.0"},
  "exjsx": {:hex, :exjsx, "3.1.0"},
  "exuri": {:git, "https://github.com/heroku/ex_uri", "16f26db7026493d2934f615f8884fad42675f00e", []},
  "exvcr": {:git, "https://github.com/parroty/exvcr", "9f6f73bc902f8e42bbe42fccc72d5be73fcd70ed", []},
  "floki": {:git, "https://github.com/philss/floki", "c75f7765252d326f8b1b48a0d18b424222da2603", []},
  "hackney": {:hex, :hackney, "0.14.3"},
  "httpoison": {:hex, :httpoison, "0.5.0"},
  "httpotion": {:hex, :httpotion, "1.0.0"},
  "ibrowse": {:git, "git://github.com/cmullaparthi/ibrowse.git", "7871e2ebe8811efb64e1917e2de455fa87e8dfe3", [tag: "v4.1.0"]},
  "idna": {:hex, :idna, "1.0.1"},
  "jsx": {:hex, :jsx, "2.4.0"},
  "meck": {:hex, :meck, "0.8.2"},
  "mongo": {:git, "https://github.com/checkiz/elixir-mongo", "e83763e78d4cd8404aa5303d16b2cd2d8d89ceb0", []},
  "pipe": {:git, "https://github.com/batate/elixir-pipes", "fbbe0997f761b02fe5b6e809b5ee4e3fba9c819d", []},
  "pipes": {:git, "https://github.com/batate/elixir-pipes", "fbbe0997f761b02fe5b6e809b5ee4e3fba9c819d", []}}
